
Microsoft Visual Studio Solution File, Format Version 12.00
# Visual Studio Version 17
VisualStudioVersion = 17.7.34202.233
MinimumVisualStudioVersion = 10.0.40219.1
Project("{FAE04EC0-301F-11D3-BF4B-00C04F79EFBC}") = "NumberDetails", "NumberDetails.csproj", "{205C50A4-D761-4A38-8F93-329C5B7A88B0}"
EndProject
Global
	GlobalSection(SolutionConfigurationPlatforms) = preSolution
		Debug|Any CPU = Debug|Any CPU
		Release|Any CPU = Release|Any CPU
	EndGlobalSection
	GlobalSection(ProjectConfigurationPlatforms) = postSolution
		{205C50A4-D761-4A38-8F93-329C5B7A88B0}.Debug|Any CPU.ActiveCfg = Debug|Any CPU
		{205C50A4-D761-4A38-8F93-329C5B7A88B0}.Debug|Any CPU.Build.0 = Debug|Any CPU
		{205C50A4-D761-4A38-8F93-329C5B7A88B0}.Release|Any CPU.ActiveCfg = Release|Any CPU
		{205C50A4-D761-4A38-8F93-329C5B7A88B0}.Release|Any CPU.Build.0 = Release|Any CPU
	EndGlobalSection
	GlobalSection(SolutionProperties) = preSolution
		HideSolutionNode = FALSE
	EndGlobalSection
	GlobalSection(ExtensibilityGlobals) = postSolution
		SolutionGuid = {B9505EB9-F3B9-4AEA-B63C-43E5E60335E5}
	EndGlobalSection
EndGlobal
